
Microsoft Visual Studio Solution File, Format Version 12.00
# Visual Studio Version 16
VisualStudioVersion = 16.0.31410.357
MinimumVisualStudioVersion = 10.0.40219.1
Project("{FAE04EC0-301F-11D3-BF4B-00C04F79EFBC}") = "Binary Search Tree", "Binary Search Tree\Binary Search Tree.csproj", "{AF065971-9F63-4FD9-86FF-6BD3A3C228FF}"
EndProject
Global
	GlobalSection(SolutionConfigurationPlatforms) = preSolution
		Debug|Any CPU = Debug|Any CPU
		Release|Any CPU = Release|Any CPU
	EndGlobalSection
	GlobalSection(ProjectConfigurationPlatforms) = postSolution
		{AF065971-9F63-4FD9-86FF-6BD3A3C228FF}.Debug|Any CPU.ActiveCfg = Debug|Any CPU
		{AF065971-9F63-4FD9-86FF-6BD3A3C228FF}.Debug|Any CPU.Build.0 = Debug|Any CPU
		{AF065971-9F63-4FD9-86FF-6BD3A3C228FF}.Release|Any CPU.ActiveCfg = Release|Any CPU
		{AF065971-9F63-4FD9-86FF-6BD3A3C228FF}.Release|Any CPU.Build.0 = Release|Any CPU
	EndGlobalSection
	GlobalSection(SolutionProperties) = preSolution
		HideSolutionNode = FALSE
	EndGlobalSection
	GlobalSection(ExtensibilityGlobals) = postSolution
		SolutionGuid = {8BD62F11-A6B9-4934-B1FF-8F7AD451D08B}
	EndGlobalSection
EndGlobal
